
Microsoft Visual Studio Solution File, Format Version 12.00
# Visual Studio 15
VisualStudioVersion = 15.0.28307.1145
MinimumVisualStudioVersion = 10.0.40219.1
Project("{9A19103F-16F7-4668-BE54-9A1E7A4F7556}") = "Leadtools.Annotations.UserMedicalPack", "Leadtools.Annotations.UserMedicalPack.csproj", "{9B42733C-F3F6-41FA-9D26-B0E2C6C008DA}"
EndProject
Global
	GlobalSection(SolutionConfigurationPlatforms) = preSolution
		Debug|Any CPU = Debug|Any CPU
		Release|Any CPU = Release|Any CPU
	EndGlobalSection
	GlobalSection(ProjectConfigurationPlatforms) = postSolution
		{9B42733C-F3F6-41FA-9D26-B0E2C6C008DA}.Debug|Any CPU.ActiveCfg = Debug|Any CPU
		{9B42733C-F3F6-41FA-9D26-B0E2C6C008DA}.Debug|Any CPU.Build.0 = Debug|Any CPU
		{9B42733C-F3F6-41FA-9D26-B0E2C6C008DA}.Release|Any CPU.ActiveCfg = Release|Any CPU
		{9B42733C-F3F6-41FA-9D26-B0E2C6C008DA}.Release|Any CPU.Build.0 = Release|Any CPU
	EndGlobalSection
	GlobalSection(SolutionProperties) = preSolution
		HideSolutionNode = FALSE
	EndGlobalSection
	GlobalSection(ExtensibilityGlobals) = postSolution
		SolutionGuid = {E15DAF46-86C5-4D37-8641-4BC20F3D9809}
	EndGlobalSection
EndGlobal
